
Microsoft Visual Studio Solution File, Format Version 12.00
# Visual Studio Version 16
VisualStudioVersion = 16.0.29021.104
MinimumVisualStudioVersion = 10.0.40219.1
Project("{9A19103F-16F7-4668-BE54-9A1E7A4F7556}") = "DitchingJavaScript.Web", "DitchingJavaScript.Web\DitchingJavaScript.Web.csproj", "{1E120BB1-3A65-4045-A749-FC80836CA3DF}"
EndProject
Project("{9A19103F-16F7-4668-BE54-9A1E7A4F7556}") = "DitchingJavaScript.Data", "DitchingJavaScript.Data\DitchingJavaScript.Data.csproj", "{9F06D0FD-B435-4490-A688-1C2031CC459C}"
EndProject
Project("{9A19103F-16F7-4668-BE54-9A1E7A4F7556}") = "DitchingJavaScript.Shared", "DitchingJavaScript.Shared\DitchingJavaScript.Shared.csproj", "{92F7CEB9-7EAB-49A7-8E72-F04ED7DF53CE}"
EndProject
Global
	GlobalSection(SolutionConfigurationPlatforms) = preSolution
		Debug|Any CPU = Debug|Any CPU
		Release|Any CPU = Release|Any CPU
	EndGlobalSection
	GlobalSection(ProjectConfigurationPlatforms) = postSolution
		{1E120BB1-3A65-4045-A749-FC80836CA3DF}.Debug|Any CPU.ActiveCfg = Debug|Any CPU
		{1E120BB1-3A65-4045-A749-FC80836CA3DF}.Debug|Any CPU.Build.0 = Debug|Any CPU
		{1E120BB1-3A65-4045-A749-FC80836CA3DF}.Release|Any CPU.ActiveCfg = Release|Any CPU
		{1E120BB1-3A65-4045-A749-FC80836CA3DF}.Release|Any CPU.Build.0 = Release|Any CPU
		{9F06D0FD-B435-4490-A688-1C2031CC459C}.Debug|Any CPU.ActiveCfg = Debug|Any CPU
		{9F06D0FD-B435-4490-A688-1C2031CC459C}.Debug|Any CPU.Build.0 = Debug|Any CPU
		{9F06D0FD-B435-4490-A688-1C2031CC459C}.Release|Any CPU.ActiveCfg = Release|Any CPU
		{9F06D0FD-B435-4490-A688-1C2031CC459C}.Release|Any CPU.Build.0 = Release|Any CPU
		{92F7CEB9-7EAB-49A7-8E72-F04ED7DF53CE}.Debug|Any CPU.ActiveCfg = Debug|Any CPU
		{92F7CEB9-7EAB-49A7-8E72-F04ED7DF53CE}.Debug|Any CPU.Build.0 = Debug|Any CPU
		{92F7CEB9-7EAB-49A7-8E72-F04ED7DF53CE}.Release|Any CPU.ActiveCfg = Release|Any CPU
		{92F7CEB9-7EAB-49A7-8E72-F04ED7DF53CE}.Release|Any CPU.Build.0 = Release|Any CPU
	EndGlobalSection
	GlobalSection(SolutionProperties) = preSolution
		HideSolutionNode = FALSE
	EndGlobalSection
	GlobalSection(ExtensibilityGlobals) = postSolution
		SolutionGuid = {6070F7A6-E673-4274-AE66-9A2A88D6820B}
	EndGlobalSection
EndGlobal
